
Microsoft Visual Studio Solution File, Format Version 12.00
# Visual Studio Version 17
VisualStudioVersion = 17.14.37411.7 d17.14
MinimumVisualStudioVersion = 10.0.40219.1
Project("{FAE04EC0-301F-11D3-BF4B-00C04F79EFBC}") = "BSIT31E3_PRELIM_A2_BORROMEO_RONALYN", "BSIT31E3_PRELIM_A2_BORROMEO_RONALYN\BSIT31E3_PRELIM_A2_BORROMEO_RONALYN.csproj", "{B172346A-E0FC-44D3-9CAA-8B35EEF4B86C}"
EndProject
Global
	GlobalSection(SolutionConfigurationPlatforms) = preSolution
		Debug|Any CPU = Debug|Any CPU
		Release|Any CPU = Release|Any CPU
	EndGlobalSection
	GlobalSection(ProjectConfigurationPlatforms) = postSolution
		{B172346A-E0FC-44D3-9CAA-8B35EEF4B86C}.Debug|Any CPU.ActiveCfg = Debug|Any CPU
		{B172346A-E0FC-44D3-9CAA-8B35EEF4B86C}.Debug|Any CPU.Build.0 = Debug|Any CPU
		{B172346A-E0FC-44D3-9CAA-8B35EEF4B86C}.Release|Any CPU.ActiveCfg = Release|Any CPU
		{B172346A-E0FC-44D3-9CAA-8B35EEF4B86C}.Release|Any CPU.Build.0 = Release|Any CPU
	EndGlobalSection
	GlobalSection(SolutionProperties) = preSolution
		HideSolutionNode = FALSE
	EndGlobalSection
	GlobalSection(ExtensibilityGlobals) = postSolution
		SolutionGuid = {6CD87A18-6E99-4FE1-A23F-9806E95781A4}
	EndGlobalSection
EndGlobal
